
Microsoft Visual Studio Solution File, Format Version 12.00
# Visual Studio Version 17
VisualStudioVersion = 17.11.35222.181
MinimumVisualStudioVersion = 10.0.40219.1
Project("{9A19103F-16F7-4668-BE54-9A1E7A4F7556}") = "UserService", "UserService\UserService.csproj", "{60583D18-CBFD-4A85-AC27-25D5E108F2CD}"
EndProject
Project("{FAE04EC0-301F-11D3-BF4B-00C04F79EFBC}") = "Shared", "Shared\Shared.csproj", "{884B81D8-4666-42C0-B038-335E080A030C}"
EndProject
Project("{FAE04EC0-301F-11D3-BF4B-00C04F79EFBC}") = "WebApplicationNotifyer", "WebApplicationNotifyer\WebApplicationNotifyer.csproj", "{F2687968-C939-44FE-BE82-AE09CB3D7D45}"
EndProject
Global
	GlobalSection(SolutionConfigurationPlatforms) = preSolution
		Debug|Any CPU = Debug|Any CPU
		Release|Any CPU = Release|Any CPU
	EndGlobalSection
	GlobalSection(ProjectConfigurationPlatforms) = postSolution
		{60583D18-CBFD-4A85-AC27-25D5E108F2CD}.Debug|Any CPU.ActiveCfg = Debug|Any CPU
		{60583D18-CBFD-4A85-AC27-25D5E108F2CD}.Debug|Any CPU.Build.0 = Debug|Any CPU
		{60583D18-CBFD-4A85-AC27-25D5E108F2CD}.Release|Any CPU.ActiveCfg = Release|Any CPU
		{60583D18-CBFD-4A85-AC27-25D5E108F2CD}.Release|Any CPU.Build.0 = Release|Any CPU
		{884B81D8-4666-42C0-B038-335E080A030C}.Debug|Any CPU.ActiveCfg = Debug|Any CPU
		{884B81D8-4666-42C0-B038-335E080A030C}.Debug|Any CPU.Build.0 = Debug|Any CPU
		{884B81D8-4666-42C0-B038-335E080A030C}.Release|Any CPU.ActiveCfg = Release|Any CPU
		{884B81D8-4666-42C0-B038-335E080A030C}.Release|Any CPU.Build.0 = Release|Any CPU
		{F2687968-C939-44FE-BE82-AE09CB3D7D45}.Debug|Any CPU.ActiveCfg = Debug|Any CPU
		{F2687968-C939-44FE-BE82-AE09CB3D7D45}.Debug|Any CPU.Build.0 = Debug|Any CPU
		{F2687968-C939-44FE-BE82-AE09CB3D7D45}.Release|Any CPU.ActiveCfg = Release|Any CPU
		{F2687968-C939-44FE-BE82-AE09CB3D7D45}.Release|Any CPU.Build.0 = Release|Any CPU
	EndGlobalSection
	GlobalSection(SolutionProperties) = preSolution
		HideSolutionNode = FALSE
	EndGlobalSection
	GlobalSection(ExtensibilityGlobals) = postSolution
		SolutionGuid = {4315F55B-E079-41DA-862D-46799BBD3432}
	EndGlobalSection
EndGlobal
